// !$*UTF8*$!
{
	archiveVersion = 1;
	classes = {
	};
	objectVersion = 46;
	objects = {

/* Begin PBXBuildFile section */
		7633EF64198C79ED00AD11D2 /* FacebookSDK.framework in Frameworks */ = {isa = PBXBuildFile; fileRef = 7633EF63198C79ED00AD11D2 /* FacebookSDK.framework */; };
		7633EF66198C7A4100AD11D2 /* next_button.png in Resources */ = {isa = PBXBuildFile; fileRef = 7633EF65198C7A4100AD11D2 /* next_button.png */; };
		763B83D3198B669900F61FEC /* UserInformation.m in Sources */ = {isa = PBXBuildFile; fileRef = 763B83D2198B669900F61FEC /* UserInformation.m */; };
		763B83D7198B673000F61FEC /* StatusInformation.m in Sources */ = {isa = PBXBuildFile; fileRef = 763B83D6198B673000F61FEC /* StatusInformation.m */; };
		763B83DA198B6A5700F61FEC /* MultipeerManager.m in Sources */ = {isa = PBXBuildFile; fileRef = 763B83D9198B6A5700F61FEC /* MultipeerManager.m */; };
		D54FE649198CB26200FB6D62 /* backgroundview.jpg in Resources */ = {isa = PBXBuildFile; fileRef = D54FE647198CB26200FB6D62 /* backgroundview.jpg */; };
		D54FE64A198CB26200FB6D62 /* backgroundpaper.jpg in Resources */ = {isa = PBXBuildFile; fileRef = D54FE648198CB26200FB6D62 /* backgroundpaper.jpg */; };
		D54FE64C198CB30500FB6D62 /* background_old.jpg in Resources */ = {isa = PBXBuildFile; fileRef = D54FE64B198CB30500FB6D62 /* background_old.jpg */; };
		D54FE64F198CC7CB00FB6D62 /* StatusCellController.m in Sources */ = {isa = PBXBuildFile; fileRef = D54FE64E198CC7CB00FB6D62 /* StatusCellController.m */; };
		D54FE652198CCDA300FB6D62 /* MessageViewController.m in Sources */ = {isa = PBXBuildFile; fileRef = D54FE651198CCDA300FB6D62 /* MessageViewController.m */; };
		D58A50DD198B5B1600A5A180 /* Foundation.framework in Frameworks */ = {isa = PBXBuildFile; fileRef = D58A50DC198B5B1600A5A180 /* Foundation.framework */; };
		D58A50DF198B5B1600A5A180 /* CoreGraphics.framework in Frameworks */ = {isa = PBXBuildFile; fileRef = D58A50DE198B5B1600A5A180 /* CoreGraphics.framework */; };
		D58A50E1198B5B1600A5A180 /* UIKit.framework in Frameworks */ = {isa = PBXBuildFile; fileRef = D58A50E0198B5B1600A5A180 /* UIKit.framework */; };
		D58A50E7198B5B1600A5A180 /* InfoPlist.strings in Resources */ = {isa = PBXBuildFile; fileRef = D58A50E5198B5B1600A5A180 /* InfoPlist.strings */; };
		D58A50E9198B5B1600A5A180 /* main.m in Sources */ = {isa = PBXBuildFile; fileRef = D58A50E8198B5B1600A5A180 /* main.m */; };
		D58A50ED198B5B1600A5A180 /* AppDelegate.m in Sources */ = {isa = PBXBuildFile; fileRef = D58A50EC198B5B1600A5A180 /* AppDelegate.m */; };
		D58A50F0198B5B1600A5A180 /* Main.storyboard in Resources */ = {isa = PBXBuildFile; fileRef = D58A50EE198B5B1600A5A180 /* Main.storyboard */; };
		D58A50F3198B5B1600A5A180 /* LoginViewController.m in Sources */ = {isa = PBXBuildFile; fileRef = D58A50F2198B5B1600A5A180 /* LoginViewController.m */; };
		D58A50F5198B5B1600A5A180 /* Images.xcassets in Resources */ = {isa = PBXBuildFile; fileRef = D58A50F4198B5B1600A5A180 /* Images.xcassets */; };
		D58A50FC198B5B1600A5A180 /* XCTest.framework in Frameworks */ = {isa = PBXBuildFile; fileRef = D58A50FB198B5B1600A5A180 /* XCTest.framework */; };
		D58A50FD198B5B1600A5A180 /* Foundation.framework in Frameworks */ = {isa = PBXBuildFile; fileRef = D58A50DC198B5B1600A5A180 /* Foundation.framework */; };
		D58A50FE198B5B1600A5A180 /* UIKit.framework in Frameworks */ = {isa = PBXBuildFile; fileRef = D58A50E0198B5B1600A5A180 /* UIKit.framework */; };
		D58A5106198B5B1600A5A180 /* InfoPlist.strings in Resources */ = {isa = PBXBuildFile; fileRef = D58A5104198B5B1600A5A180 /* InfoPlist.strings */; };
		D58A5108198B5B1600A5A180 /* LibMateTests.m in Sources */ = {isa = PBXBuildFile; fileRef = D58A5107198B5B1600A5A180 /* LibMateTests.m */; };
		D59E18CA198C625B00247027 /* FindMateViewController.m in Sources */ = {isa = PBXBuildFile; fileRef = D59E18C9198C625B00247027 /* FindMateViewController.m */; };
		D5D7AB80198B8D0500F25819 /* TagSelectViewController.m in Sources */ = {isa = PBXBuildFile; fileRef = D5D7AB7F198B8D0500F25819 /* TagSelectViewController.m */; };
		D5D7AB83198B8E7000F25819 /* MainTabBar.m in Sources */ = {isa = PBXBuildFile; fileRef = D5D7AB82198B8E7000F25819 /* MainTabBar.m */; };
		D5D7AB88198BA18E00F25819 /* background.jpg in Resources */ = {isa = PBXBuildFile; fileRef = D5D7AB87198BA18E00F25819 /* background.jpg */; };
		D5D7AB94198BBF1700F25819 /* ClientManager.m in Sources */ = {isa = PBXBuildFile; fileRef = D5D7AB93198BBF1700F25819 /* ClientManager.m */; };
		D5D7AB97198BBF2100F25819 /* ConnectionsViewController.m in Sources */ = {isa = PBXBuildFile; fileRef = D5D7AB96198BBF2100F25819 /* ConnectionsViewController.m */; };
		D5D7AB9A198BBF2F00F25819 /* MessageInformation.m in Sources */ = {isa = PBXBuildFile; fileRef = D5D7AB99198BBF2F00F25819 /* MessageInformation.m */; };
		D5D7AB9D198BBF3D00F25819 /* SendingInformation.m in Sources */ = {isa = PBXBuildFile; fileRef = D5D7AB9C198BBF3D00F25819 /* SendingInformation.m */; };
/* End PBXBuildFile section */

/* Begin PBXContainerItemProxy section */
		D58A50FF198B5B1600A5A180 /* PBXContainerItemProxy */ = {
			isa = PBXContainerItemProxy;
			containerPortal = D58A50D1198B5B1600A5A180 /* Project object */;
			proxyType = 1;
			remoteGlobalIDString = D58A50D8198B5B1600A5A180;
			remoteInfo = LibMate;
		};
/* End PBXContainerItemProxy section */

/* Begin PBXFileReference section */
		7633EF63198C79ED00AD11D2 /* FacebookSDK.framework */ = {isa = PBXFileReference; lastKnownFileType = wrapper.framework; name = FacebookSDK.framework; path = ../FacebookSDK/FacebookSDK.framework; sourceTree = "<group>"; };
		7633EF65198C7A4100AD11D2 /* next_button.png */ = {isa = PBXFileReference; lastKnownFileType = image.png; path = next_button.png; sourceTree = "<group>"; };
		763B83D1198B669900F61FEC /* UserInformation.h */ = {isa = PBXFileReference; fileEncoding = 4; lastKnownFileType = sourcecode.c.h; path = UserInformation.h; sourceTree = "<group>"; };
		763B83D2198B669900F61FEC /* UserInformation.m */ = {isa = PBXFileReference; fileEncoding = 4; lastKnownFileType = sourcecode.c.objc; path = UserInformation.m; sourceTree = "<group>"; };
		763B83D5198B673000F61FEC /* StatusInformation.h */ = {isa = PBXFileReference; fileEncoding = 4; lastKnownFileType = sourcecode.c.h; path = StatusInformation.h; sourceTree = "<group>"; };
		763B83D6198B673000F61FEC /* StatusInformation.m */ = {isa = PBXFileReference; fileEncoding = 4; lastKnownFileType = sourcecode.c.objc; path = StatusInformation.m; sourceTree = "<group>"; };
		763B83D8198B6A5700F61FEC /* MultipeerManager.h */ = {isa = PBXFileReference; fileEncoding = 4; lastKnownFileType = sourcecode.c.h; path = MultipeerManager.h; sourceTree = "<group>"; };
		763B83D9198B6A5700F61FEC /* MultipeerManager.m */ = {isa = PBXFileReference; fileEncoding = 4; lastKnownFileType = sourcecode.c.objc; path = MultipeerManager.m; sourceTree = "<group>"; };
		D54FE647198CB26200FB6D62 /* backgroundview.jpg */ = {isa = PBXFileReference; lastKnownFileType = image.jpeg; path = backgroundview.jpg; sourceTree = "<group>"; };
		D54FE648198CB26200FB6D62 /* backgroundpaper.jpg */ = {isa = PBXFileReference; lastKnownFileType = image.jpeg; path = backgroundpaper.jpg; sourceTree = "<group>"; };
		D54FE64B198CB30500FB6D62 /* background_old.jpg */ = {isa = PBXFileReference; lastKnownFileType = image.jpeg; path = background_old.jpg; sourceTree = "<group>"; };
		D54FE64D198CC7CB00FB6D62 /* StatusCellController.h */ = {isa = PBXFileReference; fileEncoding = 4; lastKnownFileType = sourcecode.c.h; path = StatusCellController.h; sourceTree = "<group>"; };
		D54FE64E198CC7CB00FB6D62 /* StatusCellController.m */ = {isa = PBXFileReference; fileEncoding = 4; lastKnownFileType = sourcecode.c.objc; path = StatusCellController.m; sourceTree = "<group>"; };
		D54FE650198CCDA300FB6D62 /* MessageViewController.h */ = {isa = PBXFileReference; fileEncoding = 4; lastKnownFileType = sourcecode.c.h; path = MessageViewController.h; sourceTree = "<group>"; };
		D54FE651198CCDA300FB6D62 /* MessageViewController.m */ = {isa = PBXFileReference; fileEncoding = 4; lastKnownFileType = sourcecode.c.objc; path = MessageViewController.m; sourceTree = "<group>"; };
		D58A50D9198B5B1600A5A180 /* LibMate.app */ = {isa = PBXFileReference; explicitFileType = wrapper.application; includeInIndex = 0; path = LibMate.app; sourceTree = BUILT_PRODUCTS_DIR; };
		D58A50DC198B5B1600A5A180 /* Foundation.framework */ = {isa = PBXFileReference; lastKnownFileType = wrapper.framework; name = Foundation.framework; path = System/Library/Frameworks/Foundation.framework; sourceTree = SDKROOT; };
		D58A50DE198B5B1600A5A180 /* CoreGraphics.framework */ = {isa = PBXFileReference; lastKnownFileType = wrapper.framework; name = CoreGraphics.framework; path = System/Library/Frameworks/CoreGraphics.framework; sourceTree = SDKROOT; };
		D58A50E0198B5B1600A5A180 /* UIKit.framework */ = {isa = PBXFileReference; lastKnownFileType = wrapper.framework; name = UIKit.framework; path = System/Library/Frameworks/UIKit.framework; sourceTree = SDKROOT; };
		D58A50E4198B5B1600A5A180 /* LibMate-Info.plist */ = {isa = PBXFileReference; lastKnownFileType = text.plist.xml; path = "LibMate-Info.plist"; sourceTree = "<group>"; };
		D58A50E6198B5B1600A5A180 /* en */ = {isa = PBXFileReference; lastKnownFileType = text.plist.strings; name = en; path = en.lproj/InfoPlist.strings; sourceTree = "<group>"; };
		D58A50E8198B5B1600A5A180 /* main.m */ = {isa = PBXFileReference; lastKnownFileType = sourcecode.c.objc; path = main.m; sourceTree = "<group>"; };
		D58A50EA198B5B1600A5A180 /* LibMate-Prefix.pch */ = {isa = PBXFileReference; lastKnownFileType = sourcecode.c.h; path = "LibMate-Prefix.pch"; sourceTree = "<group>"; };
		D58A50EB198B5B1600A5A180 /* AppDelegate.h */ = {isa = PBXFileReference; lastKnownFileType = sourcecode.c.h; path = AppDelegate.h; sourceTree = "<group>"; };
		D58A50EC198B5B1600A5A180 /* AppDelegate.m */ = {isa = PBXFileReference; lastKnownFileType = sourcecode.c.objc; path = AppDelegate.m; sourceTree = "<group>"; };
		D58A50EF198B5B1600A5A180 /* Base */ = {isa = PBXFileReference; lastKnownFileType = file.storyboard; name = Base; path = Base.lproj/Main.storyboard; sourceTree = "<group>"; };
		D58A50F1198B5B1600A5A180 /* LoginViewController.h */ = {isa = PBXFileReference; lastKnownFileType = sourcecode.c.h; path = LoginViewController.h; sourceTree = "<group>"; };
		D58A50F2198B5B1600A5A180 /* LoginViewController.m */ = {isa = PBXFileReference; lastKnownFileType = sourcecode.c.objc; path = LoginViewController.m; sourceTree = "<group>"; };
		D58A50F4198B5B1600A5A180 /* Images.xcassets */ = {isa = PBXFileReference; lastKnownFileType = folder.assetcatalog; path = Images.xcassets; sourceTree = "<group>"; };
		D58A50FA198B5B1600A5A180 /* LibMateTests.xctest */ = {isa = PBXFileReference; explicitFileType = wrapper.cfbundle; includeInIndex = 0; path = LibMateTests.xctest; sourceTree = BUILT_PRODUCTS_DIR; };
		D58A50FB198B5B1600A5A180 /* XCTest.framework */ = {isa = PBXFileReference; lastKnownFileType = wrapper.framework; name = XCTest.framework; path = Library/Frameworks/XCTest.framework; sourceTree = DEVELOPER_DIR; };
		D58A5103198B5B1600A5A180 /* LibMateTests-Info.plist */ = {isa = PBXFileReference; lastKnownFileType = text.plist.xml; path = "LibMateTests-Info.plist"; sourceTree = "<group>"; };
		D58A5105198B5B1600A5A180 /* en */ = {isa = PBXFileReference; lastKnownFileType = text.plist.strings; name = en; path = en.lproj/InfoPlist.strings; sourceTree = "<group>"; };
		D58A5107198B5B1600A5A180 /* LibMateTests.m */ = {isa = PBXFileReference; lastKnownFileType = sourcecode.c.objc; path = LibMateTests.m; sourceTree = "<group>"; };
		D59E18C8198C625B00247027 /* FindMateViewController.h */ = {isa = PBXFileReference; fileEncoding = 4; lastKnownFileType = sourcecode.c.h; path = FindMateViewController.h; sourceTree = "<group>"; };
		D59E18C9198C625B00247027 /* FindMateViewController.m */ = {isa = PBXFileReference; fileEncoding = 4; lastKnownFileType = sourcecode.c.objc; path = FindMateViewController.m; sourceTree = "<group>"; };
		D5D7AB7E198B8D0500F25819 /* TagSelectViewController.h */ = {isa = PBXFileReference; fileEncoding = 4; lastKnownFileType = sourcecode.c.h; path = TagSelectViewController.h; sourceTree = "<group>"; };
		D5D7AB7F198B8D0500F25819 /* TagSelectViewController.m */ = {isa = PBXFileReference; fileEncoding = 4; lastKnownFileType = sourcecode.c.objc; path = TagSelectViewController.m; sourceTree = "<group>"; };
		D5D7AB81198B8E7000F25819 /* MainTabBar.h */ = {isa = PBXFileReference; fileEncoding = 4; lastKnownFileType = sourcecode.c.h; path = MainTabBar.h; sourceTree = "<group>"; };
		D5D7AB82198B8E7000F25819 /* MainTabBar.m */ = {isa = PBXFileReference; fileEncoding = 4; lastKnownFileType = sourcecode.c.objc; path = MainTabBar.m; sourceTree = "<group>"; };
		D5D7AB87198BA18E00F25819 /* background.jpg */ = {isa = PBXFileReference; lastKnownFileType = image.jpeg; path = background.jpg; sourceTree = "<group>"; };
		D5D7AB92198BBF1700F25819 /* ClientManager.h */ = {isa = PBXFileReference; fileEncoding = 4; lastKnownFileType = sourcecode.c.h; path = ClientManager.h; sourceTree = "<group>"; };
		D5D7AB93198BBF1700F25819 /* ClientManager.m */ = {isa = PBXFileReference; fileEncoding = 4; lastKnownFileType = sourcecode.c.objc; path = ClientManager.m; sourceTree = "<group>"; };
		D5D7AB95198BBF2100F25819 /* ConnectionsViewController.h */ = {isa = PBXFileReference; fileEncoding = 4; lastKnownFileType = sourcecode.c.h; path = ConnectionsViewController.h; sourceTree = "<group>"; };
		D5D7AB96198BBF2100F25819 /* ConnectionsViewController.m */ = {isa = PBXFileReference; fileEncoding = 4; lastKnownFileType = sourcecode.c.objc; path = ConnectionsViewController.m; sourceTree = "<group>"; };
		D5D7AB98198BBF2F00F25819 /* MessageInformation.h */ = {isa = PBXFileReference; fileEncoding = 4; lastKnownFileType = sourcecode.c.h; path = MessageInformation.h; sourceTree = "<group>"; };
		D5D7AB99198BBF2F00F25819 /* MessageInformation.m */ = {isa = PBXFileReference; fileEncoding = 4; lastKnownFileType = sourcecode.c.objc; path = MessageInformation.m; sourceTree = "<group>"; };
		D5D7AB9B198BBF3D00F25819 /* SendingInformation.h */ = {isa = PBXFileReference; fileEncoding = 4; lastKnownFileType = sourcecode.c.h; path = SendingInformation.h; sourceTree = "<group>"; };
		D5D7AB9C198BBF3D00F25819 /* SendingInformation.m */ = {isa = PBXFileReference; fileEncoding = 4; lastKnownFileType = sourcecode.c.objc; path = SendingInformation.m; sourceTree = "<group>"; };
/* End PBXFileReference section */

/* Begin PBXFrameworksBuildPhase section */
		D58A50D6198B5B1600A5A180 /* Frameworks */ = {
			isa = PBXFrameworksBuildPhase;
			buildActionMask = 2147483647;
			files = (
				D58A50DF198B5B1600A5A180 /* CoreGraphics.framework in Frameworks */,
				7633EF64198C79ED00AD11D2 /* FacebookSDK.framework in Frameworks */,
				D58A50E1198B5B1600A5A180 /* UIKit.framework in Frameworks */,
				D58A50DD198B5B1600A5A180 /* Foundation.framework in Frameworks */,
			);
			runOnlyForDeploymentPostprocessing = 0;
		};
		D58A50F7198B5B1600A5A180 /* Frameworks */ = {
			isa = PBXFrameworksBuildPhase;
			buildActionMask = 2147483647;
			files = (
				D58A50FC198B5B1600A5A180 /* XCTest.framework in Frameworks */,
				D58A50FE198B5B1600A5A180 /* UIKit.framework in Frameworks */,
				D58A50FD198B5B1600A5A180 /* Foundation.framework in Frameworks */,
			);
			runOnlyForDeploymentPostprocessing = 0;
		};
/* End PBXFrameworksBuildPhase section */

/* Begin PBXGroup section */
		763B83D0198B667400F61FEC /* References */ = {
			isa = PBXGroup;
			children = (
				763B83D1198B669900F61FEC /* UserInformation.h */,
				763B83D2198B669900F61FEC /* UserInformation.m */,
				D5D7AB98198BBF2F00F25819 /* MessageInformation.h */,
				D5D7AB99198BBF2F00F25819 /* MessageInformation.m */,
				763B83D5198B673000F61FEC /* StatusInformation.h */,
				763B83D6198B673000F61FEC /* StatusInformation.m */,
				D5D7AB9B198BBF3D00F25819 /* SendingInformation.h */,
				D5D7AB9C198BBF3D00F25819 /* SendingInformation.m */,
				763B83D8198B6A5700F61FEC /* MultipeerManager.h */,
				763B83D9198B6A5700F61FEC /* MultipeerManager.m */,
				D5D7AB92198BBF1700F25819 /* ClientManager.h */,
				D5D7AB93198BBF1700F25819 /* ClientManager.m */,
			);
			name = References;
			sourceTree = "<group>";
		};
		763B83D4198B66AA00F61FEC /* Windows */ = {
			isa = PBXGroup;
			children = (
				D5D7AB7E198B8D0500F25819 /* TagSelectViewController.h */,
				D5D7AB7F198B8D0500F25819 /* TagSelectViewController.m */,
				D5D7AB81198B8E7000F25819 /* MainTabBar.h */,
				D5D7AB82198B8E7000F25819 /* MainTabBar.m */,
				D58A50F1198B5B1600A5A180 /* LoginViewController.h */,
				D58A50F2198B5B1600A5A180 /* LoginViewController.m */,
				D5D7AB95198BBF2100F25819 /* ConnectionsViewController.h */,
				D5D7AB96198BBF2100F25819 /* ConnectionsViewController.m */,
				D59E18C8198C625B00247027 /* FindMateViewController.h */,
				D59E18C9198C625B00247027 /* FindMateViewController.m */,
				D54FE64D198CC7CB00FB6D62 /* StatusCellController.h */,
				D54FE64E198CC7CB00FB6D62 /* StatusCellController.m */,
				D54FE650198CCDA300FB6D62 /* MessageViewController.h */,
				D54FE651198CCDA300FB6D62 /* MessageViewController.m */,
			);
			name = Windows;
			sourceTree = "<group>";
		};
		D58A50D0198B5B1600A5A180 = {
			isa = PBXGroup;
			children = (
				D58A50E2198B5B1600A5A180 /* LibMate */,
				D58A5101198B5B1600A5A180 /* LibMateTests */,
				D58A50DB198B5B1600A5A180 /* Frameworks */,
				D58A50DA198B5B1600A5A180 /* Products */,
			);
			sourceTree = "<group>";
		};
		D58A50DA198B5B1600A5A180 /* Products */ = {
			isa = PBXGroup;
			children = (
				D58A50D9198B5B1600A5A180 /* LibMate.app */,
				D58A50FA198B5B1600A5A180 /* LibMateTests.xctest */,
			);
			name = Products;
			sourceTree = "<group>";
		};
		D58A50DB198B5B1600A5A180 /* Frameworks */ = {
			isa = PBXGroup;
			children = (
				7633EF63198C79ED00AD11D2 /* FacebookSDK.framework */,
				D58A50DC198B5B1600A5A180 /* Foundation.framework */,
				D58A50DE198B5B1600A5A180 /* CoreGraphics.framework */,
				D58A50E0198B5B1600A5A180 /* UIKit.framework */,
				D58A50FB198B5B1600A5A180 /* XCTest.framework */,
			);
			name = Frameworks;
			sourceTree = "<group>";
		};
		D58A50E2198B5B1600A5A180 /* LibMate */ = {
			isa = PBXGroup;
			children = (
				D5D7AB84198B947B00F25819 /* Resources */,
				763B83D4198B66AA00F61FEC /* Windows */,
				763B83D0198B667400F61FEC /* References */,
				D58A50EB198B5B1600A5A180 /* AppDelegate.h */,
				D58A50EC198B5B1600A5A180 /* AppDelegate.m */,
				D58A50EE198B5B1600A5A180 /* Main.storyboard */,
				D58A50F4198B5B1600A5A180 /* Images.xcassets */,
				D58A50E3198B5B1600A5A180 /* Supporting Files */,
			);
			path = LibMate;
			sourceTree = "<group>";
		};
		D58A50E3198B5B1600A5A180 /* Supporting Files */ = {
			isa = PBXGroup;
			children = (
				D58A50E4198B5B1600A5A180 /* LibMate-Info.plist */,
				D58A50E5198B5B1600A5A180 /* InfoPlist.strings */,
				D58A50E8198B5B1600A5A180 /* main.m */,
				D58A50EA198B5B1600A5A180 /* LibMate-Prefix.pch */,
			);
			name = "Supporting Files";
			sourceTree = "<group>";
		};
		D58A5101198B5B1600A5A180 /* LibMateTests */ = {
			isa = PBXGroup;
			children = (
				D58A5107198B5B1600A5A180 /* LibMateTests.m */,
				D58A5102198B5B1600A5A180 /* Supporting Files */,
			);
			path = LibMateTests;
			sourceTree = "<group>";
		};
		D58A5102198B5B1600A5A180 /* Supporting Files */ = {
			isa = PBXGroup;
			children = (
				D58A5103198B5B1600A5A180 /* LibMateTests-Info.plist */,
				D58A5104198B5B1600A5A180 /* InfoPlist.strings */,
			);
			name = "Supporting Files";
			sourceTree = "<group>";
		};
		D5D7AB84198B947B00F25819 /* Resources */ = {
			isa = PBXGroup;
			children = (
				D54FE647198CB26200FB6D62 /* backgroundview.jpg */,
				D54FE64B198CB30500FB6D62 /* background_old.jpg */,
				D54FE648198CB26200FB6D62 /* backgroundpaper.jpg */,
				7633EF65198C7A4100AD11D2 /* next_button.png */,
				D5D7AB87198BA18E00F25819 /* background.jpg */,
			);
			name = Resources;
			sourceTree = "<group>";
		};
/* End PBXGroup section */

/* Begin PBXNativeTarget section */
		D58A50D8198B5B1600A5A180 /* LibMate */ = {
			isa = PBXNativeTarget;
			buildConfigurationList = D58A510B198B5B1600A5A180 /* Build configuration list for PBXNativeTarget "LibMate" */;
			buildPhases = (
				D58A50D5198B5B1600A5A180 /* Sources */,
				D58A50D6198B5B1600A5A180 /* Frameworks */,
				D58A50D7198B5B1600A5A180 /* Resources */,
			);
			buildRules = (
			);
			dependencies = (
			);
			name = LibMate;
			productName = LibMate;
			productReference = D58A50D9198B5B1600A5A180 /* LibMate.app */;
			productType = "com.apple.product-type.application";
		};
		D58A50F9198B5B1600A5A180 /* LibMateTests */ = {
			isa = PBXNativeTarget;
			buildConfigurationList = D58A510E198B5B1600A5A180 /* Build configuration list for PBXNativeTarget "LibMateTests" */;
			buildPhases = (
				D58A50F6198B5B1600A5A180 /* Sources */,
				D58A50F7198B5B1600A5A180 /* Frameworks */,
				D58A50F8198B5B1600A5A180 /* Resources */,
			);
			buildRules = (
			);
			dependencies = (
				D58A5100198B5B1600A5A180 /* PBXTargetDependency */,
			);
			name = LibMateTests;
			productName = LibMateTests;
			productReference = D58A50FA198B5B1600A5A180 /* LibMateTests.xctest */;
			productType = "com.apple.product-type.bundle.unit-test";
		};
/* End PBXNativeTarget section */

/* Begin PBXProject section */
		D58A50D1198B5B1600A5A180 /* Project object */ = {
			isa = PBXProject;
			attributes = {
				LastUpgradeCheck = 0510;
				ORGANIZATIONNAME = TQThanh;
				TargetAttributes = {
					D58A50F9198B5B1600A5A180 = {
						TestTargetID = D58A50D8198B5B1600A5A180;
					};
				};
			};
			buildConfigurationList = D58A50D4198B5B1600A5A180 /* Build configuration list for PBXProject "LibMate" */;
			compatibilityVersion = "Xcode 3.2";
			developmentRegion = English;
			hasScannedForEncodings = 0;
			knownRegions = (
				en,
				Base,
			);
			mainGroup = D58A50D0198B5B1600A5A180;
			productRefGroup = D58A50DA198B5B1600A5A180 /* Products */;
			projectDirPath = "";
			projectRoot = "";
			targets = (
				D58A50D8198B5B1600A5A180 /* LibMate */,
				D58A50F9198B5B1600A5A180 /* LibMateTests */,
			);
		};
/* End PBXProject section */

/* Begin PBXResourcesBuildPhase section */
		D58A50D7198B5B1600A5A180 /* Resources */ = {
			isa = PBXResourcesBuildPhase;
			buildActionMask = 2147483647;
			files = (
				7633EF66198C7A4100AD11D2 /* next_button.png in Resources */,
				D54FE64A198CB26200FB6D62 /* backgroundpaper.jpg in Resources */,
				D58A50F5198B5B1600A5A180 /* Images.xcassets in Resources */,
				D5D7AB88198BA18E00F25819 /* background.jpg in Resources */,
				D58A50E7198B5B1600A5A180 /* InfoPlist.strings in Resources */,
				D54FE649198CB26200FB6D62 /* backgroundview.jpg in Resources */,
				D58A50F0198B5B1600A5A180 /* Main.storyboard in Resources */,
				D54FE64C198CB30500FB6D62 /* background_old.jpg in Resources */,
			);
			runOnlyForDeploymentPostprocessing = 0;
		};
		D58A50F8198B5B1600A5A180 /* Resources */ = {
			isa = PBXResourcesBuildPhase;
			buildActionMask = 2147483647;
			files = (
				D58A5106198B5B1600A5A180 /* InfoPlist.strings in Resources */,
			);
			runOnlyForDeploymentPostprocessing = 0;
		};
/* End PBXResourcesBuildPhase section */

/* Begin PBXSourcesBuildPhase section */
		D58A50D5198B5B1600A5A180 /* Sources */ = {
			isa = PBXSourcesBuildPhase;
			buildActionMask = 2147483647;
			files = (
				D5D7AB97198BBF2100F25819 /* ConnectionsViewController.m in Sources */,
				D5D7AB9D198BBF3D00F25819 /* SendingInformation.m in Sources */,
				D5D7AB83198B8E7000F25819 /* MainTabBar.m in Sources */,
				D58A50F3198B5B1600A5A180 /* LoginViewController.m in Sources */,
				D5D7AB94198BBF1700F25819 /* ClientManager.m in Sources */,
				D5D7AB9A198BBF2F00F25819 /* MessageInformation.m in Sources */,
				D54FE652198CCDA300FB6D62 /* MessageViewController.m in Sources */,
				763B83D7198B673000F61FEC /* StatusInformation.m in Sources */,
				763B83D3198B669900F61FEC /* UserInformation.m in Sources */,
				763B83DA198B6A5700F61FEC /* MultipeerManager.m in Sources */,
				D54FE64F198CC7CB00FB6D62 /* StatusCellController.m in Sources */,
				D58A50ED198B5B1600A5A180 /* AppDelegate.m in Sources */,
				D5D7AB80198B8D0500F25819 /* TagSelectViewController.m in Sources */,
				D58A50E9198B5B1600A5A180 /* main.m in Sources */,
				D59E18CA198C625B00247027 /* FindMateViewController.m in Sources */,
			);
			runOnlyForDeploymentPostprocessing = 0;
		};
		D58A50F6198B5B1600A5A180 /* Sources */ = {
			isa = PBXSourcesBuildPhase;
			buildActionMask = 2147483647;
			files = (
				D58A5108198B5B1600A5A180 /* LibMateTests.m in Sources */,
			);
			runOnlyForDeploymentPostprocessing = 0;
		};
/* End PBXSourcesBuildPhase section */

/* Begin PBXTargetDependency section */
		D58A5100198B5B1600A5A180 /* PBXTargetDependency */ = {
			isa = PBXTargetDependency;
			target = D58A50D8198B5B1600A5A180 /* LibMate */;
			targetProxy = D58A50FF198B5B1600A5A180 /* PBXContainerItemProxy */;
		};
/* End PBXTargetDependency section */

/* Begin PBXVariantGroup section */
		D58A50E5198B5B1600A5A180 /* InfoPlist.strings */ = {
			isa = PBXVariantGroup;
			children = (
				D58A50E6198B5B1600A5A180 /* en */,
			);
			name = InfoPlist.strings;
			sourceTree = "<group>";
		};
		D58A50EE198B5B1600A5A180 /* Main.storyboard */ = {
			isa = PBXVariantGroup;
			children = (
				D58A50EF198B5B1600A5A180 /* Base */,
			);
			name = Main.storyboard;
			sourceTree = "<group>";
		};
		D58A5104198B5B1600A5A180 /* InfoPlist.strings */ = {
			isa = PBXVariantGroup;
			children = (
				D58A5105198B5B1600A5A180 /* en */,
			);
			name = InfoPlist.strings;
			sourceTree = "<group>";
		};
/* End PBXVariantGroup section */

/* Begin XCBuildConfiguration section */
		D58A5109198B5B1600A5A180 /* Debug */ = {
			isa = XCBuildConfiguration;
			buildSettings = {
				ALWAYS_SEARCH_USER_PATHS = NO;
				CLANG_CXX_LANGUAGE_STANDARD = "gnu++0x";
				CLANG_CXX_LIBRARY = "libc++";
				CLANG_ENABLE_MODULES = YES;
				CLANG_ENABLE_OBJC_ARC = YES;
				CLANG_WARN_BOOL_CONVERSION = YES;
				CLANG_WARN_CONSTANT_CONVERSION = YES;
				CLANG_WARN_DIRECT_OBJC_ISA_USAGE = YES_ERROR;
				CLANG_WARN_EMPTY_BODY = YES;
				CLANG_WARN_ENUM_CONVERSION = YES;
				CLANG_WARN_INT_CONVERSION = YES;
				CLANG_WARN_OBJC_ROOT_CLASS = YES_ERROR;
				CLANG_WARN__DUPLICATE_METHOD_MATCH = YES;
				"CODE_SIGN_IDENTITY[sdk=iphoneos*]" = "iPhone Developer";
				COPY_PHASE_STRIP = NO;
				GCC_C_LANGUAGE_STANDARD = gnu99;
				GCC_DYNAMIC_NO_PIC = NO;
				GCC_OPTIMIZATION_LEVEL = 0;
				GCC_PREPROCESSOR_DEFINITIONS = (
					"DEBUG=1",
					"$(inherited)",
				);
				GCC_SYMBOLS_PRIVATE_EXTERN = NO;
				GCC_WARN_64_TO_32_BIT_CONVERSION = YES;
				GCC_WARN_ABOUT_RETURN_TYPE = YES_ERROR;
				GCC_WARN_UNDECLARED_SELECTOR = YES;
				GCC_WARN_UNINITIALIZED_AUTOS = YES_AGGRESSIVE;
				GCC_WARN_UNUSED_FUNCTION = YES;
				GCC_WARN_UNUSED_VARIABLE = YES;
				IPHONEOS_DEPLOYMENT_TARGET = 7.1;
				ONLY_ACTIVE_ARCH = YES;
				SDKROOT = iphoneos;
			};
			name = Debug;
		};
		D58A510A198B5B1600A5A180 /* Release */ = {
			isa = XCBuildConfiguration;
			buildSettings = {
				ALWAYS_SEARCH_USER_PATHS = NO;
				CLANG_CXX_LANGUAGE_STANDARD = "gnu++0x";
				CLANG_CXX_LIBRARY = "libc++";
				CLANG_ENABLE_MODULES = YES;
				CLANG_ENABLE_OBJC_ARC = YES;
				CLANG_WARN_BOOL_CONVERSION = YES;
				CLANG_WARN_CONSTANT_CONVERSION = YES;
				CLANG_WARN_DIRECT_OBJC_ISA_USAGE = YES_ERROR;
				CLANG_WARN_EMPTY_BODY = YES;
				CLANG_WARN_ENUM_CONVERSION = YES;
				CLANG_WARN_INT_CONVERSION = YES;
				CLANG_WARN_OBJC_ROOT_CLASS = YES_ERROR;
				CLANG_WARN__DUPLICATE_METHOD_MATCH = YES;
				"CODE_SIGN_IDENTITY[sdk=iphoneos*]" = "iPhone Developer";
				COPY_PHASE_STRIP = YES;
				ENABLE_NS_ASSERTIONS = NO;
				GCC_C_LANGUAGE_STANDARD = gnu99;
				GCC_WARN_64_TO_32_BIT_CONVERSION = YES;
				GCC_WARN_ABOUT_RETURN_TYPE = YES_ERROR;
				GCC_WARN_UNDECLARED_SELECTOR = YES;
				GCC_WARN_UNINITIALIZED_AUTOS = YES_AGGRESSIVE;
				GCC_WARN_UNUSED_FUNCTION = YES;
				GCC_WARN_UNUSED_VARIABLE = YES;
				IPHONEOS_DEPLOYMENT_TARGET = 7.1;
				SDKROOT = iphoneos;
				VALIDATE_PRODUCT = YES;
			};
			name = Release;
		};
		D58A510C198B5B1600A5A180 /* Debug */ = {
			isa = XCBuildConfiguration;
			buildSettings = {
				ASSETCATALOG_COMPILER_APPICON_NAME = AppIcon;
				ASSETCATALOG_COMPILER_LAUNCHIMAGE_NAME = LaunchImage;
				CODE_SIGN_IDENTITY = "iPhone Developer";
				"CODE_SIGN_IDENTITY[sdk=iphoneos*]" = fakekey;
				FRAMEWORK_SEARCH_PATHS = (
					"$(inherited)",
					"$(PROJECT_DIR)",
					/Users/tinphatapple/Documents/FacebookSDK,
					/Users/Tmbao/Documents/FacebookSDK,
				);
				GCC_PRECOMPILE_PREFIX_HEADER = YES;
				GCC_PREFIX_HEADER = "LibMate/LibMate-Prefix.pch";
				INFOPLIST_FILE = "LibMate/LibMate-Info.plist";
				IPHONEOS_DEPLOYMENT_TARGET = 7.0;
				OTHER_CODE_SIGN_FLAGS = "-gta";
				PRODUCT_NAME = "$(TARGET_NAME)";
				PROVISIONING_PROFILE = "";
				TARGETED_DEVICE_FAMILY = "1,2";
				WRAPPER_EXTENSION = app;
			};
			name = Debug;
		};
		D58A510D198B5B1600A5A180 /* Release */ = {
			isa = XCBuildConfiguration;
			buildSettings = {
				ASSETCATALOG_COMPILER_APPICON_NAME = AppIcon;
				ASSETCATALOG_COMPILER_LAUNCHIMAGE_NAME = LaunchImage;
				CODE_SIGN_IDENTITY = "iPhone Developer";
				"CODE_SIGN_IDENTITY[sdk=iphoneos*]" = fakekey;
				FRAMEWORK_SEARCH_PATHS = (
					"$(inherited)",
					"$(PROJECT_DIR)",
					/Users/tinphatapple/Documents/FacebookSDK,
					/Users/Tmbao/Documents/FacebookSDK,
				);
				GCC_PRECOMPILE_PREFIX_HEADER = YES;
				GCC_PREFIX_HEADER = "LibMate/LibMate-Prefix.pch";
				INFOPLIST_FILE = "LibMate/LibMate-Info.plist";
				IPHONEOS_DEPLOYMENT_TARGET = 7.0;
				OTHER_CODE_SIGN_FLAGS = "-gta";
				PRODUCT_NAME = "$(TARGET_NAME)";
				PROVISIONING_PROFILE = "";
				TARGETED_DEVICE_FAMILY = "1,2";
				WRAPPER_EXTENSION = app;
			};
			name = Release;
		};
		D58A510F198B5B1600A5A180 /* Debug */ = {
			isa = XCBuildConfiguration;
			buildSettings = {
				BUNDLE_LOADER = "$(BUILT_PRODUCTS_DIR)/LibMate.app/LibMate";
				FRAMEWORK_SEARCH_PATHS = (
					"$(SDKROOT)/Developer/Library/Frameworks",
					"$(inherited)",
					"$(DEVELOPER_FRAMEWORKS_DIR)",
				);
				GCC_PRECOMPILE_PREFIX_HEADER = YES;
				GCC_PREFIX_HEADER = "LibMate/LibMate-Prefix.pch";
				GCC_PREPROCESSOR_DEFINITIONS = (
					"DEBUG=1",
					"$(inherited)",
				);
				INFOPLIST_FILE = "LibMateTests/LibMateTests-Info.plist";
				PRODUCT_NAME = "$(TARGET_NAME)";
				TEST_HOST = "$(BUNDLE_LOADER)";
				WRAPPER_EXTENSION = xctest;
			};
			name = Debug;
		};
		D58A5110198B5B1600A5A180 /* Release */ = {
			isa = XCBuildConfiguration;
			buildSettings = {
				BUNDLE_LOADER = "$(BUILT_PRODUCTS_DIR)/LibMate.app/LibMate";
				FRAMEWORK_SEARCH_PATHS = (
					"$(SDKROOT)/Developer/Library/Frameworks",
					"$(inherited)",
					"$(DEVELOPER_FRAMEWORKS_DIR)",
				);
				GCC_PRECOMPILE_PREFIX_HEADER = YES;
				GCC_PREFIX_HEADER = "LibMate/LibMate-Prefix.pch";
				INFOPLIST_FILE = "LibMateTests/LibMateTests-Info.plist";
				PRODUCT_NAME = "$(TARGET_NAME)";
				TEST_HOST = "$(BUNDLE_LOADER)";
				WRAPPER_EXTENSION = xctest;
			};
			name = Release;
		};
/* End XCBuildConfiguration section */

/* Begin XCConfigurationList section */
		D58A50D4198B5B1600A5A180 /* Build configuration list for PBXProject "LibMate" */ = {
			isa = XCConfigurationList;
			buildConfigurations = (
				D58A5109198B5B1600A5A180 /* Debug */,
				D58A510A198B5B1600A5A180 /* Release */,
			);
			defaultConfigurationIsVisible = 0;
			defaultConfigurationName = Release;
		};
		D58A510B198B5B1600A5A180 /* Build configuration list for PBXNativeTarget "LibMate" */ = {
			isa = XCConfigurationList;
			buildConfigurations = (
				D58A510C198B5B1600A5A180 /* Debug */,
				D58A510D198B5B1600A5A180 /* Release */,
			);
			defaultConfigurationIsVisible = 0;
			defaultConfigurationName = Release;
		};
		D58A510E198B5B1600A5A180 /* Build configuration list for PBXNativeTarget "LibMateTests" */ = {
			isa = XCConfigurationList;
			buildConfigurations = (
				D58A510F198B5B1600A5A180 /* Debug */,
				D58A5110198B5B1600A5A180 /* Release */,
			);
			defaultConfigurationIsVisible = 0;
			defaultConfigurationName = Release;
		};
/* End XCConfigurationList section */
	};
	rootObject = D58A50D1198B5B1600A5A180 /* Project object */;
}
